
Microsoft Visual Studio Solution File, Format Version 12.00
# Visual Studio Version 16
VisualStudioVersion = 16.0.30002.166
MinimumVisualStudioVersion = 10.0.40219.1
Project("{9A19103F-16F7-4668-BE54-9A1E7A4F7556}") = "ATS.Web", "ATS.Web\ATS.Web.csproj", "{C1D506D6-B6E4-4065-9C0B-5AB7928126C6}"
EndProject
Project("{FAE04EC0-301F-11D3-BF4B-00C04F79EFBC}") = "ATS.Model", "ATS.Model\ATS.Model.csproj", "{7E4E1A3A-3C9A-4221-BFE0-32ED73A48367}"
EndProject
Project("{FAE04EC0-301F-11D3-BF4B-00C04F79EFBC}") = "ATS.Services", "ATS.Services\ATS.Services.csproj", "{2F78968E-2D37-470A-9B70-F7BA75AB8276}"
EndProject
Global
	GlobalSection(SolutionConfigurationPlatforms) = preSolution
		Debug|Any CPU = Debug|Any CPU
		Release|Any CPU = Release|Any CPU
	EndGlobalSection
	GlobalSection(ProjectConfigurationPlatforms) = postSolution
		{C1D506D6-B6E4-4065-9C0B-5AB7928126C6}.Debug|Any CPU.ActiveCfg = Debug|Any CPU
		{C1D506D6-B6E4-4065-9C0B-5AB7928126C6}.Debug|Any CPU.Build.0 = Debug|Any CPU
		{C1D506D6-B6E4-4065-9C0B-5AB7928126C6}.Release|Any CPU.ActiveCfg = Release|Any CPU
		{C1D506D6-B6E4-4065-9C0B-5AB7928126C6}.Release|Any CPU.Build.0 = Release|Any CPU
		{7E4E1A3A-3C9A-4221-BFE0-32ED73A48367}.Debug|Any CPU.ActiveCfg = Debug|Any CPU
		{7E4E1A3A-3C9A-4221-BFE0-32ED73A48367}.Debug|Any CPU.Build.0 = Debug|Any CPU
		{7E4E1A3A-3C9A-4221-BFE0-32ED73A48367}.Release|Any CPU.ActiveCfg = Release|Any CPU
		{7E4E1A3A-3C9A-4221-BFE0-32ED73A48367}.Release|Any CPU.Build.0 = Release|Any CPU
		{2F78968E-2D37-470A-9B70-F7BA75AB8276}.Debug|Any CPU.ActiveCfg = Debug|Any CPU
		{2F78968E-2D37-470A-9B70-F7BA75AB8276}.Debug|Any CPU.Build.0 = Debug|Any CPU
		{2F78968E-2D37-470A-9B70-F7BA75AB8276}.Release|Any CPU.ActiveCfg = Release|Any CPU
		{2F78968E-2D37-470A-9B70-F7BA75AB8276}.Release|Any CPU.Build.0 = Release|Any CPU
	EndGlobalSection
	GlobalSection(SolutionProperties) = preSolution
		HideSolutionNode = FALSE
	EndGlobalSection
	GlobalSection(ExtensibilityGlobals) = postSolution
		SolutionGuid = {AA97A7D7-F6D9-4BA0-BDD3-6174760A2438}
	EndGlobalSection
EndGlobal
